
Microsoft Visual Studio Solution File, Format Version 12.00
# Visual Studio 15
VisualStudioVersion = 15.0.28010.2050
MinimumVisualStudioVersion = 10.0.40219.1
Project("{2150E333-8FDC-42A3-9474-1A3956D46DE8}") = "Solution Items", "Solution Items", "{2ADF9DB1-AF18-4F3E-BB81-C78CFDC9C750}"
	ProjectSection(SolutionItems) = preProject
		demo.html = demo.html
		lib\fabric.js = lib\fabric.js
		lib\fabricExtend.js = lib\fabricExtend.js
		readme.txt = readme.txt
		shape_toolbar.html = shape_toolbar.html
		shape_toolbar.js = shape_toolbar.js
		Solar system _ Fabric.js Demos.html = Solar system _ Fabric.js Demos.html
	EndProjectSection
EndProject
Global
	GlobalSection(SolutionProperties) = preSolution
		HideSolutionNode = FALSE
	EndGlobalSection
	GlobalSection(ExtensibilityGlobals) = postSolution
		SolutionGuid = {FDFD441B-E5D6-4838-93B6-4FE7457E3A05}
	EndGlobalSection
EndGlobal
